
Microsoft Visual Studio Solution File, Format Version 12.00
# Visual Studio Version 17
VisualStudioVersion = 17.7.34009.444
MinimumVisualStudioVersion = 10.0.40219.1
Project("{FAE04EC0-301F-11D3-BF4B-00C04F79EFBC}") = "WebAPI_put", "WebAPI_put\WebAPI_put.csproj", "{19B3FA70-C826-4C5F-85A6-29FDC02D41DA}"
EndProject
Global
	GlobalSection(SolutionConfigurationPlatforms) = preSolution
		Debug|Any CPU = Debug|Any CPU
		Release|Any CPU = Release|Any CPU
	EndGlobalSection
	GlobalSection(ProjectConfigurationPlatforms) = postSolution
		{19B3FA70-C826-4C5F-85A6-29FDC02D41DA}.Debug|Any CPU.ActiveCfg = Debug|Any CPU
		{19B3FA70-C826-4C5F-85A6-29FDC02D41DA}.Debug|Any CPU.Build.0 = Debug|Any CPU
		{19B3FA70-C826-4C5F-85A6-29FDC02D41DA}.Release|Any CPU.ActiveCfg = Release|Any CPU
		{19B3FA70-C826-4C5F-85A6-29FDC02D41DA}.Release|Any CPU.Build.0 = Release|Any CPU
	EndGlobalSection
	GlobalSection(SolutionProperties) = preSolution
		HideSolutionNode = FALSE
	EndGlobalSection
	GlobalSection(ExtensibilityGlobals) = postSolution
		SolutionGuid = {FA8476B6-444E-487C-B3F6-67ED4AC6033B}
	EndGlobalSection
EndGlobal
